
Microsoft Visual Studio Solution File, Format Version 12.00
# Visual Studio Version 16
VisualStudioVersion = 16.0.31702.278
MinimumVisualStudioVersion = 10.0.40219.1
Project("{FAE04EC0-301F-11D3-BF4B-00C04F79EFBC}") = "SerialView", "SerialView.csproj", "{DA63A025-CBC0-4C29-ACDE-8BD797A37E80}"
EndProject
Global
	GlobalSection(SolutionConfigurationPlatforms) = preSolution
		Debug|Any CPU = Debug|Any CPU
		Release|Any CPU = Release|Any CPU
	EndGlobalSection
	GlobalSection(ProjectConfigurationPlatforms) = postSolution
		{DA63A025-CBC0-4C29-ACDE-8BD797A37E80}.Debug|Any CPU.ActiveCfg = Debug|Any CPU
		{DA63A025-CBC0-4C29-ACDE-8BD797A37E80}.Debug|Any CPU.Build.0 = Debug|Any CPU
		{DA63A025-CBC0-4C29-ACDE-8BD797A37E80}.Release|Any CPU.ActiveCfg = Release|Any CPU
		{DA63A025-CBC0-4C29-ACDE-8BD797A37E80}.Release|Any CPU.Build.0 = Release|Any CPU
	EndGlobalSection
	GlobalSection(SolutionProperties) = preSolution
		HideSolutionNode = FALSE
	EndGlobalSection
	GlobalSection(ExtensibilityGlobals) = postSolution
		SolutionGuid = {41024EBA-E030-491F-B3A9-B55B00068A8A}
	EndGlobalSection
EndGlobal
